
Microsoft Visual Studio Solution File, Format Version 12.00
# Visual Studio Version 16
VisualStudioVersion = 16.0.32106.194
MinimumVisualStudioVersion = 10.0.40219.1
Project("{FAE04EC0-301F-11D3-BF4B-00C04F79EFBC}") = "ProjektWPA", "ProjektWPA.csproj", "{438CFAE0-7304-4AB2-A8F8-853CEAF4C1AE}"
EndProject
Global
	GlobalSection(SolutionConfigurationPlatforms) = preSolution
		Debug|Any CPU = Debug|Any CPU
		Release|Any CPU = Release|Any CPU
	EndGlobalSection
	GlobalSection(ProjectConfigurationPlatforms) = postSolution
		{438CFAE0-7304-4AB2-A8F8-853CEAF4C1AE}.Debug|Any CPU.ActiveCfg = Debug|Any CPU
		{438CFAE0-7304-4AB2-A8F8-853CEAF4C1AE}.Debug|Any CPU.Build.0 = Debug|Any CPU
		{438CFAE0-7304-4AB2-A8F8-853CEAF4C1AE}.Release|Any CPU.ActiveCfg = Release|Any CPU
		{438CFAE0-7304-4AB2-A8F8-853CEAF4C1AE}.Release|Any CPU.Build.0 = Release|Any CPU
	EndGlobalSection
	GlobalSection(SolutionProperties) = preSolution
		HideSolutionNode = FALSE
	EndGlobalSection
	GlobalSection(ExtensibilityGlobals) = postSolution
		SolutionGuid = {1F91DB77-7B80-4A3C-8399-1317446A9951}
	EndGlobalSection
EndGlobal
